
Microsoft Visual Studio Solution File, Format Version 12.00
# Visual Studio Version 17
VisualStudioVersion = 17.9.34714.143
MinimumVisualStudioVersion = 10.0.40219.1
Project("{9A19103F-16F7-4668-BE54-9A1E7A4F7556}") = "238. Product of Array Except Self", "238. Product of Array Except Self.csproj", "{D836870E-A017-446F-BF8F-B8512AC6B3F6}"
EndProject
Global
	GlobalSection(SolutionConfigurationPlatforms) = preSolution
		Debug|Any CPU = Debug|Any CPU
		Release|Any CPU = Release|Any CPU
	EndGlobalSection
	GlobalSection(ProjectConfigurationPlatforms) = postSolution
		{D836870E-A017-446F-BF8F-B8512AC6B3F6}.Debug|Any CPU.ActiveCfg = Debug|Any CPU
		{D836870E-A017-446F-BF8F-B8512AC6B3F6}.Debug|Any CPU.Build.0 = Debug|Any CPU
		{D836870E-A017-446F-BF8F-B8512AC6B3F6}.Release|Any CPU.ActiveCfg = Release|Any CPU
		{D836870E-A017-446F-BF8F-B8512AC6B3F6}.Release|Any CPU.Build.0 = Release|Any CPU
	EndGlobalSection
	GlobalSection(SolutionProperties) = preSolution
		HideSolutionNode = FALSE
	EndGlobalSection
	GlobalSection(ExtensibilityGlobals) = postSolution
		SolutionGuid = {BC417BB1-B6EF-4FBD-A149-B022D0116661}
	EndGlobalSection
EndGlobal
