Microsoft Visual Studio Solution File, Format Version 12.00
# Visual Studio Version 17
VisualStudioVersion = 17.5.2.0
MinimumVisualStudioVersion = 10.0.40219.1
Project("{FAE04EC0-301F-11D3-BF4B-00C04F79EFBC}") = "189. Rotate Array", "189. Rotate Array.csproj", "{B9203A85-126B-AAA0-2990-014D4283D42A}"
EndProject
Global
	GlobalSection(SolutionConfigurationPlatforms) = preSolution
		Debug|Any CPU = Debug|Any CPU
		Release|Any CPU = Release|Any CPU
	EndGlobalSection
	GlobalSection(ProjectConfigurationPlatforms) = postSolution
		{B9203A85-126B-AAA0-2990-014D4283D42A}.Debug|Any CPU.ActiveCfg = Debug|Any CPU
		{B9203A85-126B-AAA0-2990-014D4283D42A}.Debug|Any CPU.Build.0 = Debug|Any CPU
		{B9203A85-126B-AAA0-2990-014D4283D42A}.Release|Any CPU.ActiveCfg = Release|Any CPU
		{B9203A85-126B-AAA0-2990-014D4283D42A}.Release|Any CPU.Build.0 = Release|Any CPU
	EndGlobalSection
	GlobalSection(SolutionProperties) = preSolution
		HideSolutionNode = FALSE
	EndGlobalSection
	GlobalSection(ExtensibilityGlobals) = postSolution
		SolutionGuid = {A7E995AF-A5BD-4EA3-B779-CB8BC35A36D0}
	EndGlobalSection
EndGlobal
