
Microsoft Visual Studio Solution File, Format Version 12.00
# Visual Studio Version 17
VisualStudioVersion = 17.11.35312.102
MinimumVisualStudioVersion = 10.0.40219.1
Project("{9A19103F-16F7-4668-BE54-9A1E7A4F7556}") = "88. Merge Sorted Array", "88. Merge Sorted Array.csproj", "{942A1D11-EF69-4E11-931E-414552D5765B}"
EndProject
Global
	GlobalSection(SolutionConfigurationPlatforms) = preSolution
		Debug|Any CPU = Debug|Any CPU
		Release|Any CPU = Release|Any CPU
	EndGlobalSection
	GlobalSection(ProjectConfigurationPlatforms) = postSolution
		{942A1D11-EF69-4E11-931E-414552D5765B}.Debug|Any CPU.ActiveCfg = Debug|Any CPU
		{942A1D11-EF69-4E11-931E-414552D5765B}.Debug|Any CPU.Build.0 = Debug|Any CPU
		{942A1D11-EF69-4E11-931E-414552D5765B}.Release|Any CPU.ActiveCfg = Release|Any CPU
		{942A1D11-EF69-4E11-931E-414552D5765B}.Release|Any CPU.Build.0 = Release|Any CPU
	EndGlobalSection
	GlobalSection(SolutionProperties) = preSolution
		HideSolutionNode = FALSE
	EndGlobalSection
	GlobalSection(ExtensibilityGlobals) = postSolution
		SolutionGuid = {35F6062C-FD54-49BA-8644-7F6F27259FCC}
	EndGlobalSection
EndGlobal
