
Microsoft Visual Studio Solution File, Format Version 12.00
# Visual Studio Version 17
VisualStudioVersion = 17.5.002.0
MinimumVisualStudioVersion = 10.0.40219.1
Project("{9A19103F-16F7-4668-BE54-9A1E7A4F7556}") = "1470. Shuffle the Array", "1470. Shuffle the Array.csproj", "{9B08BBC3-8D41-4476-BEED-B5B36CD73C82}"
EndProject
Global
	GlobalSection(SolutionConfigurationPlatforms) = preSolution
		Debug|Any CPU = Debug|Any CPU
		Release|Any CPU = Release|Any CPU
	EndGlobalSection
	GlobalSection(ProjectConfigurationPlatforms) = postSolution
		{9B08BBC3-8D41-4476-BEED-B5B36CD73C82}.Debug|Any CPU.ActiveCfg = Debug|Any CPU
		{9B08BBC3-8D41-4476-BEED-B5B36CD73C82}.Debug|Any CPU.Build.0 = Debug|Any CPU
		{9B08BBC3-8D41-4476-BEED-B5B36CD73C82}.Release|Any CPU.ActiveCfg = Release|Any CPU
		{9B08BBC3-8D41-4476-BEED-B5B36CD73C82}.Release|Any CPU.Build.0 = Release|Any CPU
	EndGlobalSection
	GlobalSection(SolutionProperties) = preSolution
		HideSolutionNode = FALSE
	EndGlobalSection
	GlobalSection(ExtensibilityGlobals) = postSolution
		SolutionGuid = {CEA3B3F5-6E1C-44CE-917B-297CC1623F55}
	EndGlobalSection
EndGlobal
