
Microsoft Visual Studio Solution File, Format Version 12.00
# Visual Studio Version 17
VisualStudioVersion = 17.10.34928.147
MinimumVisualStudioVersion = 10.0.40219.1
Project("{9A19103F-16F7-4668-BE54-9A1E7A4F7556}") = "80. Remove Duplicates from Sorted Array II", "80. Remove Duplicates from Sorted Array II.csproj", "{60CF070C-D6BF-47B5-B9B3-A47DE03F1853}"
EndProject
Global
	GlobalSection(SolutionConfigurationPlatforms) = preSolution
		Debug|Any CPU = Debug|Any CPU
		Release|Any CPU = Release|Any CPU
	EndGlobalSection
	GlobalSection(ProjectConfigurationPlatforms) = postSolution
		{60CF070C-D6BF-47B5-B9B3-A47DE03F1853}.Debug|Any CPU.ActiveCfg = Debug|Any CPU
		{60CF070C-D6BF-47B5-B9B3-A47DE03F1853}.Debug|Any CPU.Build.0 = Debug|Any CPU
		{60CF070C-D6BF-47B5-B9B3-A47DE03F1853}.Release|Any CPU.ActiveCfg = Release|Any CPU
		{60CF070C-D6BF-47B5-B9B3-A47DE03F1853}.Release|Any CPU.Build.0 = Release|Any CPU
	EndGlobalSection
	GlobalSection(SolutionProperties) = preSolution
		HideSolutionNode = FALSE
	EndGlobalSection
	GlobalSection(ExtensibilityGlobals) = postSolution
		SolutionGuid = {B01DD7F3-ACFB-420C-8892-643D1ECBCEB8}
	EndGlobalSection
EndGlobal
