
Microsoft Visual Studio Solution File, Format Version 12.00
# Visual Studio Version 17
VisualStudioVersion = 17.10.34928.147
MinimumVisualStudioVersion = 10.0.40219.1
Project("{9A19103F-16F7-4668-BE54-9A1E7A4F7556}") = "922. Sort Array By Parity II", "922. Sort Array By Parity II.csproj", "{77C06CA1-731E-4507-8CD5-CAC695850318}"
EndProject
Global
	GlobalSection(SolutionConfigurationPlatforms) = preSolution
		Debug|Any CPU = Debug|Any CPU
		Release|Any CPU = Release|Any CPU
	EndGlobalSection
	GlobalSection(ProjectConfigurationPlatforms) = postSolution
		{77C06CA1-731E-4507-8CD5-CAC695850318}.Debug|Any CPU.ActiveCfg = Debug|Any CPU
		{77C06CA1-731E-4507-8CD5-CAC695850318}.Debug|Any CPU.Build.0 = Debug|Any CPU
		{77C06CA1-731E-4507-8CD5-CAC695850318}.Release|Any CPU.ActiveCfg = Release|Any CPU
		{77C06CA1-731E-4507-8CD5-CAC695850318}.Release|Any CPU.Build.0 = Release|Any CPU
	EndGlobalSection
	GlobalSection(SolutionProperties) = preSolution
		HideSolutionNode = FALSE
	EndGlobalSection
	GlobalSection(ExtensibilityGlobals) = postSolution
		SolutionGuid = {2674E1E5-E8C0-4B92-811A-518061943180}
	EndGlobalSection
EndGlobal
